
Microsoft Visual Studio Solution File, Format Version 12.00
# Visual Studio Version 17
VisualStudioVersion = 17.5.33502.453
MinimumVisualStudioVersion = 10.0.40219.1
Project("{FAE04EC0-301F-11D3-BF4B-00C04F79EFBC}") = "PetSpaceAPI", "PetSpaceAPI.csproj", "{42826C6A-F5B6-4B5D-95F6-3DF759FBD964}"
EndProject
Project("{FAE04EC0-301F-11D3-BF4B-00C04F79EFBC}") = "PetSpace.Data", "..\PetSpace.Data\PetSpace.Data.csproj", "{FAB1221F-F859-4A9D-8E1F-4D507CDAA9AF}"
EndProject
Global
	GlobalSection(SolutionConfigurationPlatforms) = preSolution
		Debug|Any CPU = Debug|Any CPU
		Release|Any CPU = Release|Any CPU
	EndGlobalSection
	GlobalSection(ProjectConfigurationPlatforms) = postSolution
		{42826C6A-F5B6-4B5D-95F6-3DF759FBD964}.Debug|Any CPU.ActiveCfg = Debug|Any CPU
		{42826C6A-F5B6-4B5D-95F6-3DF759FBD964}.Debug|Any CPU.Build.0 = Debug|Any CPU
		{42826C6A-F5B6-4B5D-95F6-3DF759FBD964}.Release|Any CPU.ActiveCfg = Release|Any CPU
		{42826C6A-F5B6-4B5D-95F6-3DF759FBD964}.Release|Any CPU.Build.0 = Release|Any CPU
		{FAB1221F-F859-4A9D-8E1F-4D507CDAA9AF}.Debug|Any CPU.ActiveCfg = Debug|Any CPU
		{FAB1221F-F859-4A9D-8E1F-4D507CDAA9AF}.Debug|Any CPU.Build.0 = Debug|Any CPU
		{FAB1221F-F859-4A9D-8E1F-4D507CDAA9AF}.Release|Any CPU.ActiveCfg = Release|Any CPU
		{FAB1221F-F859-4A9D-8E1F-4D507CDAA9AF}.Release|Any CPU.Build.0 = Release|Any CPU
	EndGlobalSection
	GlobalSection(SolutionProperties) = preSolution
		HideSolutionNode = FALSE
	EndGlobalSection
	GlobalSection(ExtensibilityGlobals) = postSolution
		SolutionGuid = {DB74E11F-8981-4BD7-B4FE-51762AD3556E}
	EndGlobalSection
EndGlobal
